
Microsoft Visual Studio Solution File, Format Version 12.00
# Visual Studio Version 17
VisualStudioVersion = 17.11.35312.102
MinimumVisualStudioVersion = 10.0.40219.1
Project("{8BC9CEB8-8B4A-11D0-8D11-00A0C91BC942}") = "varenyk52", "varenyk52.vcxproj", "{CF29122A-A879-4935-9F8B-E960F4D5C587}"
EndProject
Global
	GlobalSection(SolutionConfigurationPlatforms) = preSolution
		Debug|x64 = Debug|x64
		Debug|x86 = Debug|x86
		Release|x64 = Release|x64
		Release|x86 = Release|x86
	EndGlobalSection
	GlobalSection(ProjectConfigurationPlatforms) = postSolution
		{CF29122A-A879-4935-9F8B-E960F4D5C587}.Debug|x64.ActiveCfg = Debug|x64
		{CF29122A-A879-4935-9F8B-E960F4D5C587}.Debug|x64.Build.0 = Debug|x64
		{CF29122A-A879-4935-9F8B-E960F4D5C587}.Debug|x86.ActiveCfg = Debug|Win32
		{CF29122A-A879-4935-9F8B-E960F4D5C587}.Debug|x86.Build.0 = Debug|Win32
		{CF29122A-A879-4935-9F8B-E960F4D5C587}.Release|x64.ActiveCfg = Release|x64
		{CF29122A-A879-4935-9F8B-E960F4D5C587}.Release|x64.Build.0 = Release|x64
		{CF29122A-A879-4935-9F8B-E960F4D5C587}.Release|x86.ActiveCfg = Release|Win32
		{CF29122A-A879-4935-9F8B-E960F4D5C587}.Release|x86.Build.0 = Release|Win32
	EndGlobalSection
	GlobalSection(SolutionProperties) = preSolution
		HideSolutionNode = FALSE
	EndGlobalSection
	GlobalSection(ExtensibilityGlobals) = postSolution
		SolutionGuid = {1AE6E0A9-9CBF-4417-B159-26944E86865F}
	EndGlobalSection
EndGlobal
